// !$*UTF8*$!
{
	archiveVersion = 1;
	classes = {
	};
	objectVersion = 55;
	objects = {

/* Begin PBXBuildFile section */
		1E00A8DE285EBDCB005804C2 /* plugin_start.cpp in Sources */ = {isa = PBXBuildFile; fileRef = 1E00A8DD285EBDCB005804C2 /* plugin_start.cpp */; };
		1E697457285BC0F300C9E53A /* kern_analyzer.cpp in Sources */ = {isa = PBXBuildFile; fileRef = 1E697456285BC0F300C9E53A /* kern_analyzer.cpp */; };
		1E697463285BC15A00C9E53A /* kern_start.cpp in Sources */ = {isa = PBXBuildFile; fileRef = 1E697462285BC15A00C9E53A /* kern_start.cpp */; };
		1E9EBBC5287ACC8D009BBF6B /* kern_analyzer.hpp in Headers */ = {isa = PBXBuildFile; fileRef = 1E697464285BC16F00C9E53A /* kern_analyzer.hpp */; };
		1EA414EA287A7CDA006BDB13 /* kern_pci_utils.cpp in Sources */ = {isa = PBXBuildFile; fileRef = 1EA414E8287A7CDA006BDB13 /* kern_pci_utils.cpp */; };
		1EA414EB287A7CDA006BDB13 /* kern_pci_utils.hpp in Headers */ = {isa = PBXBuildFile; fileRef = 1EA414E9287A7CDA006BDB13 /* kern_pci_utils.hpp */; };
		1EEB22A428708853001AB022 /* kern_gpu_stub.cpp in Sources */ = {isa = PBXBuildFile; fileRef = 1EEB22A228708853001AB022 /* kern_gpu_stub.cpp */; };
		1EEB22A528708853001AB022 /* kern_gpu_stub.hpp in Headers */ = {isa = PBXBuildFile; fileRef = 1EEB22A328708853001AB022 /* kern_gpu_stub.hpp */; };
		1EF3D814285EBEFC0084A8AC /* libkmod.a in Frameworks */ = {isa = PBXBuildFile; fileRef = 1EF3D813285EBEFC0084A8AC /* libkmod.a */; };
/* End PBXBuildFile section */

/* Begin PBXFileReference section */
		1E00A8DD285EBDCB005804C2 /* plugin_start.cpp */ = {isa = PBXFileReference; lastKnownFileType = sourcecode.cpp.cpp; name = plugin_start.cpp; path = Lilu.kext/Contents/Resources/Library/plugin_start.cpp; sourceTree = "<group>"; };
		1E697453285BC0F300C9E53A /* Analyzer.kext */ = {isa = PBXFileReference; explicitFileType = wrapper.cfbundle; includeInIndex = 0; path = Analyzer.kext; sourceTree = BUILT_PRODUCTS_DIR; };
		1E697456285BC0F300C9E53A /* kern_analyzer.cpp */ = {isa = PBXFileReference; lastKnownFileType = sourcecode.cpp.cpp; path = kern_analyzer.cpp; sourceTree = "<group>"; };
		1E697458285BC0F300C9E53A /* Info.plist */ = {isa = PBXFileReference; lastKnownFileType = text.plist.xml; path = Info.plist; sourceTree = "<group>"; };
		1E697462285BC15A00C9E53A /* kern_start.cpp */ = {isa = PBXFileReference; lastKnownFileType = sourcecode.cpp.cpp; path = kern_start.cpp; sourceTree = "<group>"; };
		1E697464285BC16F00C9E53A /* kern_analyzer.hpp */ = {isa = PBXFileReference; lastKnownFileType = sourcecode.cpp.h; path = kern_analyzer.hpp; sourceTree = "<group>"; };
		1E697467285BC1D800C9E53A /* libkmod.a */ = {isa = PBXFileReference; lastKnownFileType = archive.ar; name = libkmod.a; path = usr/lib/libkmod.a; sourceTree = SDKROOT; };
		1EA414E8287A7CDA006BDB13 /* kern_pci_utils.cpp */ = {isa = PBXFileReference; lastKnownFileType = sourcecode.cpp.cpp; path = kern_pci_utils.cpp; sourceTree = "<group>"; };
		1EA414E9287A7CDA006BDB13 /* kern_pci_utils.hpp */ = {isa = PBXFileReference; lastKnownFileType = sourcecode.cpp.h; path = kern_pci_utils.hpp; sourceTree = "<group>"; };
		1EEB22A0287087CF001AB022 /* Kernel.framework */ = {isa = PBXFileReference; lastKnownFileType = wrapper.framework; name = Kernel.framework; path = System/Library/Frameworks/Kernel.framework; sourceTree = SDKROOT; };
		1EEB22A228708853001AB022 /* kern_gpu_stub.cpp */ = {isa = PBXFileReference; lastKnownFileType = sourcecode.cpp.cpp; path = kern_gpu_stub.cpp; sourceTree = "<group>"; };
		1EEB22A328708853001AB022 /* kern_gpu_stub.hpp */ = {isa = PBXFileReference; lastKnownFileType = sourcecode.cpp.h; path = kern_gpu_stub.hpp; sourceTree = "<group>"; };
		1EF3D813285EBEFC0084A8AC /* libkmod.a */ = {isa = PBXFileReference; lastKnownFileType = archive.ar; name = libkmod.a; path = MacKernelSDK/Library/x86_64/libkmod.a; sourceTree = "<group>"; };
/* End PBXFileReference section */

/* Begin PBXFrameworksBuildPhase section */
		1E697450285BC0F300C9E53A /* Frameworks */ = {
			isa = PBXFrameworksBuildPhase;
			buildActionMask = 2147483647;
			files = (
				1EF3D814285EBEFC0084A8AC /* libkmod.a in Frameworks */,
			);
			runOnlyForDeploymentPostprocessing = 0;
		};
/* End PBXFrameworksBuildPhase section */

/* Begin PBXGroup section */
		1E697449285BC0F300C9E53A = {
			isa = PBXGroup;
			children = (
				1E00A8DD285EBDCB005804C2 /* plugin_start.cpp */,
				1E697455285BC0F300C9E53A /* Analyzer */,
				1E697454285BC0F300C9E53A /* Products */,
				1E697466285BC1D800C9E53A /* Frameworks */,
			);
			sourceTree = "<group>";
		};
		1E697454285BC0F300C9E53A /* Products */ = {
			isa = PBXGroup;
			children = (
				1E697453285BC0F300C9E53A /* Analyzer.kext */,
			);
			name = Products;
			sourceTree = "<group>";
		};
		1E697455285BC0F300C9E53A /* Analyzer */ = {
			isa = PBXGroup;
			children = (
				1E697456285BC0F300C9E53A /* kern_analyzer.cpp */,
				1E697458285BC0F300C9E53A /* Info.plist */,
				1EEB22A228708853001AB022 /* kern_gpu_stub.cpp */,
				1EA414E8287A7CDA006BDB13 /* kern_pci_utils.cpp */,
				1EA414E9287A7CDA006BDB13 /* kern_pci_utils.hpp */,
				1EEB22A328708853001AB022 /* kern_gpu_stub.hpp */,
				1E697462285BC15A00C9E53A /* kern_start.cpp */,
				1E697464285BC16F00C9E53A /* kern_analyzer.hpp */,
			);
			path = Analyzer;
			sourceTree = "<group>";
		};
		1E697466285BC1D800C9E53A /* Frameworks */ = {
			isa = PBXGroup;
			children = (
				1EEB22A0287087CF001AB022 /* Kernel.framework */,
				1EF3D813285EBEFC0084A8AC /* libkmod.a */,
				1E697467285BC1D800C9E53A /* libkmod.a */,
			);
			name = Frameworks;
			sourceTree = "<group>";
		};
/* End PBXGroup section */

/* Begin PBXHeadersBuildPhase section */
		1E69744E285BC0F300C9E53A /* Headers */ = {
			isa = PBXHeadersBuildPhase;
			buildActionMask = 2147483647;
			files = (
				1E9EBBC5287ACC8D009BBF6B /* kern_analyzer.hpp in Headers */,
				1EA414EB287A7CDA006BDB13 /* kern_pci_utils.hpp in Headers */,
				1EEB22A528708853001AB022 /* kern_gpu_stub.hpp in Headers */,
			);
			runOnlyForDeploymentPostprocessing = 0;
		};
/* End PBXHeadersBuildPhase section */

/* Begin PBXNativeTarget section */
		1E697452285BC0F300C9E53A /* Analyzer */ = {
			isa = PBXNativeTarget;
			buildConfigurationList = 1E69745B285BC0F300C9E53A /* Build configuration list for PBXNativeTarget "Analyzer" */;
			buildPhases = (
				1E69744E285BC0F300C9E53A /* Headers */,
				1E69744F285BC0F300C9E53A /* Sources */,
				1E697450285BC0F300C9E53A /* Frameworks */,
				1E697451285BC0F300C9E53A /* Resources */,
			);
			buildRules = (
			);
			dependencies = (
			);
			name = Analyzer;
			productName = Analyzer;
			productReference = 1E697453285BC0F300C9E53A /* Analyzer.kext */;
			productType = "com.apple.product-type.kernel-extension";
		};
/* End PBXNativeTarget section */

/* Begin PBXProject section */
		1E69744A285BC0F300C9E53A /* Project object */ = {
			isa = PBXProject;
			attributes = {
				BuildIndependentTargetsInParallel = 1;
				LastUpgradeCheck = 1400;
				TargetAttributes = {
					1E697452285BC0F300C9E53A = {
						CreatedOnToolsVersion = 13.4.1;
					};
				};
			};
			buildConfigurationList = 1E69744D285BC0F300C9E53A /* Build configuration list for PBXProject "Analyzer" */;
			compatibilityVersion = "Xcode 13.0";
			developmentRegion = en;
			hasScannedForEncodings = 0;
			knownRegions = (
				en,
				Base,
			);
			mainGroup = 1E697449285BC0F300C9E53A;
			productRefGroup = 1E697454285BC0F300C9E53A /* Products */;
			projectDirPath = "";
			projectRoot = "";
			targets = (
				1E697452285BC0F300C9E53A /* Analyzer */,
			);
		};
/* End PBXProject section */

/* Begin PBXShellScriptBuildPhase section */
		A48BEA76263C5D3D0065863B /* Archive */ = {
			isa = PBXShellScriptBuildPhase;
			buildActionMask = 2147483647;
			files = (
			);
			inputFileListPaths = (
			);
			inputPaths = (
			);
			name = Archive;
			outputFileListPaths = (
			);
			outputPaths = (
			);
			runOnlyForDeploymentPostprocessing = 0;
			shellPath = /bin/sh;
			shellScript = "cd \"${TARGET_BUILD_DIR}\"\n\ndist=(\"$FULL_PRODUCT_NAME\")\nif [ -d \"$DWARF_DSYM_FILE_NAME\" ]; then dist+=(\"$DWARF_DSYM_FILE_NAME\"); fi\n\narchive=\"${PRODUCT_NAME}-${MODULE_VERSION}-$(echo $CONFIGURATION | tr /a-z/ /A-Z/).zip\"\nrm -rf *.zip\nif [ \"$CONFIGURATION\" == \"Release\" ]; then\n  strip -x -T \"${EXECUTABLE_PATH}\" &>/dev/null || strip -x \"${EXECUTABLE_PATH}\"\nfi\nzip -qry -FS \"${archive}\" \"${dist[@]}\"\n";
		};
/* End PBXShellScriptBuildPhase section */

/* Begin PBXResourcesBuildPhase section */
		1E697451285BC0F300C9E53A /* Resources */ = {
			isa = PBXResourcesBuildPhase;
			buildActionMask = 2147483647;
			files = (
			);
			runOnlyForDeploymentPostprocessing = 0;
		};
/* End PBXResourcesBuildPhase section */

/* Begin PBXSourcesBuildPhase section */
		1E69744F285BC0F300C9E53A /* Sources */ = {
			isa = PBXSourcesBuildPhase;
			buildActionMask = 2147483647;
			files = (
				1E697457285BC0F300C9E53A /* kern_analyzer.cpp in Sources */,
				1EEB22A428708853001AB022 /* kern_gpu_stub.cpp in Sources */,
				1EA414EA287A7CDA006BDB13 /* kern_pci_utils.cpp in Sources */,
				1E697463285BC15A00C9E53A /* kern_start.cpp in Sources */,
				1E00A8DE285EBDCB005804C2 /* plugin_start.cpp in Sources */,
			);
			runOnlyForDeploymentPostprocessing = 0;
		};
/* End PBXSourcesBuildPhase section */

/* Begin XCBuildConfiguration section */
		1E697459285BC0F300C9E53A /* Debug */ = {
			isa = XCBuildConfiguration;
			buildSettings = {
				ALWAYS_SEARCH_USER_PATHS = NO;
				ARCHS = x86_64;
				CLANG_ANALYZER_NONNULL = YES;
				CLANG_ANALYZER_NUMBER_OBJECT_CONVERSION = YES_AGGRESSIVE;
				CLANG_CXX_LANGUAGE_STANDARD = "gnu++17";
				CLANG_ENABLE_MODULES = YES;
				CLANG_ENABLE_OBJC_ARC = YES;
				CLANG_ENABLE_OBJC_WEAK = YES;
				CLANG_WARN_BLOCK_CAPTURE_AUTORELEASING = YES;
				CLANG_WARN_BOOL_CONVERSION = YES;
				CLANG_WARN_COMMA = YES;
				CLANG_WARN_CONSTANT_CONVERSION = YES;
				CLANG_WARN_DEPRECATED_OBJC_IMPLEMENTATIONS = YES;
				CLANG_WARN_DIRECT_OBJC_ISA_USAGE = YES_ERROR;
				CLANG_WARN_DOCUMENTATION_COMMENTS = YES;
				CLANG_WARN_EMPTY_BODY = YES;
				CLANG_WARN_ENUM_CONVERSION = YES;
				CLANG_WARN_INFINITE_RECURSION = YES;
				CLANG_WARN_INT_CONVERSION = YES;
				CLANG_WARN_NON_LITERAL_NULL_CONVERSION = YES;
				CLANG_WARN_OBJC_IMPLICIT_RETAIN_SELF = YES;
				CLANG_WARN_OBJC_LITERAL_CONVERSION = YES;
				CLANG_WARN_OBJC_ROOT_CLASS = YES_ERROR;
				CLANG_WARN_QUOTED_INCLUDE_IN_FRAMEWORK_HEADER = YES;
				CLANG_WARN_RANGE_LOOP_ANALYSIS = YES;
				CLANG_WARN_STRICT_PROTOTYPES = YES;
				CLANG_WARN_SUSPICIOUS_MOVE = YES;
				CLANG_WARN_UNGUARDED_AVAILABILITY = YES_AGGRESSIVE;
				CLANG_WARN_UNREACHABLE_CODE = YES;
				CLANG_WARN__DUPLICATE_METHOD_MATCH = YES;
				COPY_PHASE_STRIP = NO;
				DEAD_CODE_STRIPPING = YES;
				DEBUG_INFORMATION_FORMAT = dwarf;
				ENABLE_STRICT_OBJC_MSGSEND = YES;
				ENABLE_TESTABILITY = YES;
				GCC_C_LANGUAGE_STANDARD = gnu11;
				GCC_DYNAMIC_NO_PIC = NO;
				GCC_NO_COMMON_BLOCKS = YES;
				GCC_OPTIMIZATION_LEVEL = 0;
				GCC_PREPROCESSOR_DEFINITIONS = (
					"DEBUG=1",
					"$(inherited)",
				);
				GCC_WARN_64_TO_32_BIT_CONVERSION = YES;
				GCC_WARN_ABOUT_RETURN_TYPE = YES_ERROR;
				GCC_WARN_UNDECLARED_SELECTOR = YES;
				GCC_WARN_UNINITIALIZED_AUTOS = YES_AGGRESSIVE;
				GCC_WARN_UNUSED_FUNCTION = YES;
				GCC_WARN_UNUSED_VARIABLE = YES;
				HEADER_SEARCH_PATHS = "$(PROJECT_DIR)/Lilu.kext/Contents/Resources";
				KERNEL_FRAMEWORK_HEADERS = "$(PROJECT_DIR)/MacKernelSDK/Headers";
				KERNEL_FRAMEWORK_HEADER_SEARCH_PATHS = "$(PROJECT_DIR)/MacKernelSDK/Headers";
				LIBRARY_SEARCH_PATHS = "$(PROJECT_DIR)/MacKernelSDK/Library/x86_64";
				MACOSX_DEPLOYMENT_TARGET = 12.3;
				MTL_ENABLE_DEBUG_INFO = INCLUDE_SOURCE;
				MTL_FAST_MATH = YES;
				ONLY_ACTIVE_ARCH = YES;
				SDKROOT = macosx;
			};
			name = Debug;
		};
		1E69745A285BC0F300C9E53A /* Release */ = {
			isa = XCBuildConfiguration;
			buildSettings = {
				ALWAYS_SEARCH_USER_PATHS = NO;
				ARCHS = x86_64;
				CLANG_ANALYZER_NONNULL = YES;
				CLANG_ANALYZER_NUMBER_OBJECT_CONVERSION = YES_AGGRESSIVE;
				CLANG_CXX_LANGUAGE_STANDARD = "gnu++17";
				CLANG_ENABLE_MODULES = YES;
				CLANG_ENABLE_OBJC_ARC = YES;
				CLANG_ENABLE_OBJC_WEAK = YES;
				CLANG_WARN_BLOCK_CAPTURE_AUTORELEASING = YES;
				CLANG_WARN_BOOL_CONVERSION = YES;
				CLANG_WARN_COMMA = YES;
				CLANG_WARN_CONSTANT_CONVERSION = YES;
				CLANG_WARN_DEPRECATED_OBJC_IMPLEMENTATIONS = YES;
				CLANG_WARN_DIRECT_OBJC_ISA_USAGE = YES_ERROR;
				CLANG_WARN_DOCUMENTATION_COMMENTS = YES;
				CLANG_WARN_EMPTY_BODY = YES;
				CLANG_WARN_ENUM_CONVERSION = YES;
				CLANG_WARN_INFINITE_RECURSION = YES;
				CLANG_WARN_INT_CONVERSION = YES;
				CLANG_WARN_NON_LITERAL_NULL_CONVERSION = YES;
				CLANG_WARN_OBJC_IMPLICIT_RETAIN_SELF = YES;
				CLANG_WARN_OBJC_LITERAL_CONVERSION = YES;
				CLANG_WARN_OBJC_ROOT_CLASS = YES_ERROR;
				CLANG_WARN_QUOTED_INCLUDE_IN_FRAMEWORK_HEADER = YES;
				CLANG_WARN_RANGE_LOOP_ANALYSIS = YES;
				CLANG_WARN_STRICT_PROTOTYPES = YES;
				CLANG_WARN_SUSPICIOUS_MOVE = YES;
				CLANG_WARN_UNGUARDED_AVAILABILITY = YES_AGGRESSIVE;
				CLANG_WARN_UNREACHABLE_CODE = YES;
				CLANG_WARN__DUPLICATE_METHOD_MATCH = YES;
				COPY_PHASE_STRIP = NO;
				DEAD_CODE_STRIPPING = YES;
				DEBUG_INFORMATION_FORMAT = "dwarf-with-dsym";
				ENABLE_NS_ASSERTIONS = NO;
				ENABLE_STRICT_OBJC_MSGSEND = YES;
				GCC_C_LANGUAGE_STANDARD = gnu11;
				GCC_NO_COMMON_BLOCKS = YES;
				GCC_WARN_64_TO_32_BIT_CONVERSION = YES;
				GCC_WARN_ABOUT_RETURN_TYPE = YES_ERROR;
				GCC_WARN_UNDECLARED_SELECTOR = YES;
				GCC_WARN_UNINITIALIZED_AUTOS = YES_AGGRESSIVE;
				GCC_WARN_UNUSED_FUNCTION = YES;
				GCC_WARN_UNUSED_VARIABLE = YES;
				HEADER_SEARCH_PATHS = "$(PROJECT_DIR)/Lilu.kext/Contents/Resources";
				KERNEL_FRAMEWORK_HEADERS = "$(PROJECT_DIR)/MacKernelSDK/Headers";
				KERNEL_FRAMEWORK_HEADER_SEARCH_PATHS = "$(PROJECT_DIR)/MacKernelSDK/Headers";
				LIBRARY_SEARCH_PATHS = "$(PROJECT_DIR)/MacKernelSDK/Library/x86_64";
				MACOSX_DEPLOYMENT_TARGET = 12.3;
				MTL_ENABLE_DEBUG_INFO = NO;
				MTL_FAST_MATH = YES;
				SDKROOT = macosx;
			};
			name = Release;
		};
		1E69745C285BC0F300C9E53A /* Debug */ = {
			isa = XCBuildConfiguration;
			buildSettings = {
				CLANG_WARN_QUOTED_INCLUDE_IN_FRAMEWORK_HEADER = NO;
				CODE_SIGN_IDENTITY = "-";
				CODE_SIGN_STYLE = Automatic;
				CURRENT_PROJECT_VERSION = 1;
				DEAD_CODE_STRIPPING = YES;
				GCC_PREPROCESSOR_DEFINITIONS = (
					"MODULE_VERSION=$(MODULE_VERSION)",
					"PRODUCT_NAME=$(PRODUCT_NAME)",
					"$(inherited)",
				);
				GENERATE_INFOPLIST_FILE = NO;
				HEADER_SEARCH_PATHS = "$(PROJECT_DIR)/Lilu.kext/Contents/Resources";
				INFOPLIST_FILE = Analyzer/Info.plist;
				INFOPLIST_KEY_NSHumanReadableCopyright = "Copyright © 2022 Kernel. All rights reserved.";
				MACOSX_DEPLOYMENT_TARGET = 12.2;
				MARKETING_VERSION = 1.0;
				MODULE_NAME = com.KernelWanderers.Analyzer;
				MODULE_START = "$(PRODUCT_NAME)_kern_start";
				MODULE_STOP = "$(PRODUCT_NAME)_kern_stop";
				MODULE_VERSION = 0.0.1;
				PRODUCT_BUNDLE_IDENTIFIER = com.KernelWanderers.Analyzer;
				PRODUCT_NAME = "$(TARGET_NAME)";
				RUN_CLANG_STATIC_ANALYZER = YES;
				SWIFT_EMIT_LOC_STRINGS = YES;
				WRAPPER_EXTENSION = kext;
			};
			name = Debug;
		};
		1E69745D285BC0F300C9E53A /* Release */ = {
			isa = XCBuildConfiguration;
			buildSettings = {
				CLANG_WARN_QUOTED_INCLUDE_IN_FRAMEWORK_HEADER = NO;
				CODE_SIGN_IDENTITY = "-";
				CODE_SIGN_STYLE = Automatic;
				CURRENT_PROJECT_VERSION = 1;
				DEAD_CODE_STRIPPING = YES;
				GCC_PREPROCESSOR_DEFINITIONS = (
					"MODULE_VERSION=$(MODULE_VERSION)",
					"PRODUCT_NAME=$(PRODUCT_NAME)",
				);
				GENERATE_INFOPLIST_FILE = NO;
				HEADER_SEARCH_PATHS = "$(PROJECT_DIR)/Lilu.kext/Contents/Resources";
				INFOPLIST_FILE = Analyzer/Info.plist;
				INFOPLIST_KEY_NSHumanReadableCopyright = "Copyright © 2022 Kernel. All rights reserved.";
				MACOSX_DEPLOYMENT_TARGET = 12.2;
				MARKETING_VERSION = 1.0;
				MODULE_NAME = com.KernelWanderers.Analyzer;
				MODULE_START = "$(PRODUCT_NAME)_kern_start";
				MODULE_STOP = "$(PRODUCT_NAME)_kern_stop";
				MODULE_VERSION = 0.0.1;
				PRODUCT_BUNDLE_IDENTIFIER = com.KernelWanderers.Analyzer;
				PRODUCT_NAME = "$(TARGET_NAME)";
				RUN_CLANG_STATIC_ANALYZER = YES;
				SWIFT_EMIT_LOC_STRINGS = YES;
				WRAPPER_EXTENSION = kext;
			};
			name = Release;
		};
/* End XCBuildConfiguration section */

/* Begin XCConfigurationList section */
		1E69744D285BC0F300C9E53A /* Build configuration list for PBXProject "Analyzer" */ = {
			isa = XCConfigurationList;
			buildConfigurations = (
				1E697459285BC0F300C9E53A /* Debug */,
				1E69745A285BC0F300C9E53A /* Release */,
			);
			defaultConfigurationIsVisible = 0;
			defaultConfigurationName = Release;
		};
		1E69745B285BC0F300C9E53A /* Build configuration list for PBXNativeTarget "Analyzer" */ = {
			isa = XCConfigurationList;
			buildConfigurations = (
				1E69745C285BC0F300C9E53A /* Debug */,
				1E69745D285BC0F300C9E53A /* Release */,
			);
			defaultConfigurationIsVisible = 0;
			defaultConfigurationName = Release;
		};
/* End XCConfigurationList section */
	};
	rootObject = 1E69744A285BC0F300C9E53A /* Project object */;
}
